
Microsoft Visual Studio Solution File, Format Version 12.00
# Visual Studio Version 17
VisualStudioVersion = 17.0.31903.59
MinimumVisualStudioVersion = 10.0.40219.1
Project("{9A19103F-16F7-4668-BE54-9A1E7A4F7556}") = "MUnique.OpenMU.GameServer", "GameServer\MUnique.OpenMU.GameServer.csproj", "{8EC9EBEE-56DD-4139-AA02-D154CA8536E6}"
EndProject
Project("{9A19103F-16F7-4668-BE54-9A1E7A4F7556}") = "MUnique.OpenMU.DataModel", "DataModel\MUnique.OpenMU.DataModel.csproj", "{5282F509-D758-4A42-994C-F71A4C631FDA}"
	ProjectSection(ProjectDependencies) = postProject
		{338E0C94-5FA1-4F20-86EC-FCBA34CFB1E2} = {338E0C94-5FA1-4F20-86EC-FCBA34CFB1E2}
	EndProjectSection
EndProject
Project("{9A19103F-16F7-4668-BE54-9A1E7A4F7556}") = "MUnique.OpenMU.GameLogic", "GameLogic\MUnique.OpenMU.GameLogic.csproj", "{7DEC119D-79EF-4E43-9A72-DB07A6CAE73E}"
EndProject
Project("{9A19103F-16F7-4668-BE54-9A1E7A4F7556}") = "MUnique.OpenMU.Interfaces", "Interfaces\MUnique.OpenMU.Interfaces.csproj", "{CB8A2C80-8ECD-44D6-98B7-AB35891B66FD}"
EndProject
Project("{9A19103F-16F7-4668-BE54-9A1E7A4F7556}") = "MUnique.OpenMU.Tests", "..\tests\MUnique.OpenMU.Tests\MUnique.OpenMU.Tests.csproj", "{B3737BB5-05AE-4AEE-8CE7-161B78B9F985}"
EndProject
Project("{9A19103F-16F7-4668-BE54-9A1E7A4F7556}") = "MUnique.OpenMU.ChatServer", "ChatServer\MUnique.OpenMU.ChatServer.csproj", "{DFCE247F-6E84-4791-A8F3-84AF4C371A2E}"
EndProject
Project("{9A19103F-16F7-4668-BE54-9A1E7A4F7556}") = "MUnique.OpenMU.ConnectServer", "ConnectServer\MUnique.OpenMU.ConnectServer.csproj", "{06BB9B23-7466-4DAE-8F7C-C1094975462F}"
EndProject
Project("{9A19103F-16F7-4668-BE54-9A1E7A4F7556}") = "MUnique.OpenMU.GuildServer", "GuildServer\MUnique.OpenMU.GuildServer.csproj", "{D2BAED1F-EB47-4D42-9E8B-1FF7FC708CAD}"
EndProject
Project("{9A19103F-16F7-4668-BE54-9A1E7A4F7556}") = "MUnique.OpenMU.LoginServer", "LoginServer\MUnique.OpenMU.LoginServer.csproj", "{A956C55B-08A8-41B9-BF72-03427BC6BB22}"
EndProject
Project("{9A19103F-16F7-4668-BE54-9A1E7A4F7556}") = "MUnique.OpenMU.FriendServer", "FriendServer\MUnique.OpenMU.FriendServer.csproj", "{6D4644A5-FEE4-4415-B254-38B196701292}"
EndProject
Project("{9A19103F-16F7-4668-BE54-9A1E7A4F7556}") = "MUnique.OpenMU.Network", "Network\MUnique.OpenMU.Network.csproj", "{E3C36FF6-7205-4F9C-9242-A6B3441FF7F7}"
EndProject
Project("{9A19103F-16F7-4668-BE54-9A1E7A4F7556}") = "MUnique.OpenMU.Network.Tests", "..\tests\MUnique.OpenMU.Network.Tests\MUnique.OpenMU.Network.Tests.csproj", "{8675AE62-9B7C-410C-A956-148904035F67}"
EndProject
Project("{9A19103F-16F7-4668-BE54-9A1E7A4F7556}") = "MUnique.OpenMU.Persistence", "Persistence\MUnique.OpenMU.Persistence.csproj", "{6E809FA9-888C-474F-8A84-70EECBC7E42D}"
	ProjectSection(ProjectDependencies) = postProject
		{3CFAFD8C-E881-45BA-98CE-653D33C95419} = {3CFAFD8C-E881-45BA-98CE-653D33C95419}
	EndProjectSection
EndProject
Project("{9A19103F-16F7-4668-BE54-9A1E7A4F7556}") = "MUnique.OpenMU.Startup", "Startup\MUnique.OpenMU.Startup.csproj", "{6C3C3CA7-B9A8-4016-88FF-31D0510D4A88}"
	ProjectSection(ProjectDependencies) = postProject
		{E3C36FF6-7205-4F9C-9242-A6B3441FF7F7} = {E3C36FF6-7205-4F9C-9242-A6B3441FF7F7}
	EndProjectSection
EndProject
Project("{2150E333-8FDC-42A3-9474-1A3956D46DE8}") = "Solution Items", "Solution Items", "{B79F6365-0C4A-45C1-A1F5-4BE69F18FF98}"
	ProjectSection(SolutionItems) = preProject
		.editorconfig = .editorconfig
		..\.gitignore = ..\.gitignore
		..\azure-pipelines.yml = ..\azure-pipelines.yml
		Directory.Build.props = Directory.Build.props
		..\.github\workflows\dotnetcore.yml = ..\.github\workflows\dotnetcore.yml
		..\LICENSE = ..\LICENSE
		..\.github\workflows\publish.yml = ..\.github\workflows\publish.yml
		..\QuickStart.md = ..\QuickStart.md
		..\Readme.md = ..\Readme.md
		..\release-docker-images-pipeline.yml = ..\release-docker-images-pipeline.yml
		..\set-projectVersion.ps1 = ..\set-projectVersion.ps1
		SharedAssemblyInfo.cs = SharedAssemblyInfo.cs
		SharedGlobalUsings.cs = SharedGlobalUsings.cs
		..\docs\Skills-Progress.md = ..\docs\Skills-Progress.md
		stylecop.json = stylecop.json
	EndProjectSection
EndProject
Project("{9A19103F-16F7-4668-BE54-9A1E7A4F7556}") = "MUnique.OpenMU.Persistence.EntityFramework", "Persistence\EntityFramework\MUnique.OpenMU.Persistence.EntityFramework.csproj", "{B54420E7-17E7-43B5-84D9-7320133289B3}"
EndProject
Project("{9A19103F-16F7-4668-BE54-9A1E7A4F7556}") = "MUnique.OpenMU.Persistence.Initialization.Tests", "..\tests\MUnique.OpenMU.Persistence.Initialization.Tests\MUnique.OpenMU.Persistence.Initialization.Tests.csproj", "{7E700210-36D7-4E8D-86D8-F8C12D36B0C9}"
	ProjectSection(ProjectDependencies) = postProject
		{A044DA9E-CB5C-4087-B67A-02E1049920C1} = {A044DA9E-CB5C-4087-B67A-02E1049920C1}
	EndProjectSection
EndProject
Project("{9A19103F-16F7-4668-BE54-9A1E7A4F7556}") = "MUnique.OpenMU.Persistence.Initialization", "Persistence\Initialization\MUnique.OpenMU.Persistence.Initialization.csproj", "{A044DA9E-CB5C-4087-B67A-02E1049920C1}"
EndProject
Project("{9A19103F-16F7-4668-BE54-9A1E7A4F7556}") = "MUnique.OpenMU.ClientLauncher", "ClientLauncher\MUnique.OpenMU.ClientLauncher.csproj", "{FED078A8-6D97-4335-961D-B39F481C3802}"
EndProject
Project("{9A19103F-16F7-4668-BE54-9A1E7A4F7556}") = "MUnique.OpenMU.Pathfinding", "Pathfinding\MUnique.OpenMU.Pathfinding.csproj", "{44CD0416-61D6-4848-8864-5DE7B971604A}"
EndProject
Project("{9A19103F-16F7-4668-BE54-9A1E7A4F7556}") = "MUnique.OpenMU.Pathfinding.Tests", "..\tests\MUnique.OpenMU.Pathfinding.Tests\MUnique.OpenMU.Pathfinding.Tests.csproj", "{66A6E404-2601-4354-A51A-C8F1EEBC8079}"
EndProject
Project("{9A19103F-16F7-4668-BE54-9A1E7A4F7556}") = "MUnique.OpenMU.AttributeSystem.Tests", "..\tests\MUnique.OpenMU.AttributeSystem.Tests\MUnique.OpenMU.AttributeSystem.Tests.csproj", "{6B8AC12A-9C67-40BC-B62A-B74BD895A4C0}"
EndProject
Project("{9A19103F-16F7-4668-BE54-9A1E7A4F7556}") = "MUnique.OpenMU.ChatServer.Tests", "..\tests\MUnique.OpenMU.ChatServer.Tests\MUnique.OpenMU.ChatServer.Tests.csproj", "{DAA084C5-3A0C-4A69-A30B-B13A52901316}"
EndProject
Project("{9A19103F-16F7-4668-BE54-9A1E7A4F7556}") = "MUnique.OpenMU.ChatServer.ExDbConnector", "ChatServer\ExDbConnector\MUnique.OpenMU.ChatServer.ExDbConnector.csproj", "{B717F976-1A50-4112-A61A-F0E17E1A70D3}"
EndProject
Project("{9A19103F-16F7-4668-BE54-9A1E7A4F7556}") = "MUnique.OpenMU.SimpleModulusKeyGenerator", "SimpleModulusKeyGenerator\MUnique.OpenMU.SimpleModulusKeyGenerator.csproj", "{F4FB8089-880E-43C3-A1B3-0B1B73B24729}"
EndProject
Project("{9A19103F-16F7-4668-BE54-9A1E7A4F7556}") = "MUnique.OpenMU.Network.Analyzer", "Network\Analyzer\MUnique.OpenMU.Network.Analyzer.csproj", "{2D35FBDD-5636-466D-9D6B-9FCEBD017E80}"
EndProject
Project("{9A19103F-16F7-4668-BE54-9A1E7A4F7556}") = "MUnique.OpenMU.Persistence.InMemory", "Persistence\InMemory\MUnique.OpenMU.Persistence.InMemory.csproj", "{23B216A0-B407-4A76-A387-0B9E72B15363}"
EndProject
Project("{9A19103F-16F7-4668-BE54-9A1E7A4F7556}") = "MUnique.OpenMU.AttributeSystem", "AttributeSystem\MUnique.OpenMU.AttributeSystem.csproj", "{F4AFDE9B-6690-4D2B-83C6-DA7426479293}"
EndProject
Project("{9A19103F-16F7-4668-BE54-9A1E7A4F7556}") = "MUnique.OpenMU.Network.Benchmarks", "..\tests\MUnique.OpenMU.Network.Benchmarks\MUnique.OpenMU.Network.Benchmarks.csproj", "{F9871781-EC97-4570-A165-6FFF6CAC7004}"
EndProject
Project("{9A19103F-16F7-4668-BE54-9A1E7A4F7556}") = "MUnique.OpenMU.PlugIns", "PlugIns\MUnique.OpenMU.PlugIns.csproj", "{5AB17B80-021D-4898-9750-0C26B2AF1A39}"
EndProject
Project("{9A19103F-16F7-4668-BE54-9A1E7A4F7556}") = "MUnique.OpenMU.PlugIns.Tests", "..\tests\MUnique.OpenMU.PlugIns.Tests\MUnique.OpenMU.PlugIns.Tests.csproj", "{89669CA5-E5C8-4854-B318-3903459236A2}"
EndProject
Project("{2150E333-8FDC-42A3-9474-1A3956D46DE8}") = "Persistence", "Persistence", "{1F7FA853-AEBA-40DB-A9CF-011DA54EE9FE}"
EndProject
Project("{2150E333-8FDC-42A3-9474-1A3956D46DE8}") = "Tests", "Tests", "{6443D0E9-82F8-4A04-BB9C-72CE36E1D952}"
EndProject
Project("{2150E333-8FDC-42A3-9474-1A3956D46DE8}") = "Tools", "Tools", "{C814AC11-2CAD-44F2-80DF-B37FD785E80E}"
EndProject
Project("{2150E333-8FDC-42A3-9474-1A3956D46DE8}") = "Servers", "Servers", "{D7B69FAD-38AD-4D95-B3B8-5754E42F35A0}"
EndProject
Project("{2150E333-8FDC-42A3-9474-1A3956D46DE8}") = "Logic", "Logic", "{1B079E83-C03E-4253-B2B2-DA5165D94208}"
EndProject
Project("{2150E333-8FDC-42A3-9474-1A3956D46DE8}") = "Common", "Common", "{09EAF85E-358B-4065-8C81-B0B1FF6C0A09}"
EndProject
Project("{2150E333-8FDC-42A3-9474-1A3956D46DE8}") = "Web", "Web", "{820453DE-DA7A-454C-A077-BED8F0FA9764}"
EndProject
Project("{9A19103F-16F7-4668-BE54-9A1E7A4F7556}") = "MUnique.OpenMU.Network.Packets", "Network\Packets\MUnique.OpenMU.Network.Packets.csproj", "{482217F9-BBA8-4DA9-BEE0-03E278E0684B}"
EndProject
Project("{9A19103F-16F7-4668-BE54-9A1E7A4F7556}") = "MUnique.OpenMU.Web.AdminPanel", "Web\AdminPanel\MUnique.OpenMU.Web.AdminPanel.csproj", "{401B1520-00B9-468D-9107-EEEF33C0084F}"
EndProject
Project("{9A19103F-16F7-4668-BE54-9A1E7A4F7556}") = "MUnique.OpenMU.Persistence.SourceGenerator", "Persistence\SourceGenerator\MUnique.OpenMU.Persistence.SourceGenerator.csproj", "{3CFAFD8C-E881-45BA-98CE-653D33C95419}"
	ProjectSection(ProjectDependencies) = postProject
		{5282F509-D758-4A42-994C-F71A4C631FDA} = {5282F509-D758-4A42-994C-F71A4C631FDA}
		{5AB17B80-021D-4898-9750-0C26B2AF1A39} = {5AB17B80-021D-4898-9750-0C26B2AF1A39}
		{CB8A2C80-8ECD-44D6-98B7-AB35891B66FD} = {CB8A2C80-8ECD-44D6-98B7-AB35891B66FD}
		{F4AFDE9B-6690-4D2B-83C6-DA7426479293} = {F4AFDE9B-6690-4D2B-83C6-DA7426479293}
	EndProjectSection
EndProject
Project("{9A19103F-16F7-4668-BE54-9A1E7A4F7556}") = "MUnique.OpenMU.GameServer.Host", "Dapr\GameServer.Host\MUnique.OpenMU.GameServer.Host.csproj", "{4C087003-8D8D-4ED4-8095-CE66433F8E9D}"
EndProject
Project("{9A19103F-16F7-4668-BE54-9A1E7A4F7556}") = "MUnique.OpenMU.ServerClients", "Dapr\ServerClients\MUnique.OpenMU.ServerClients.csproj", "{F9D80835-2C8A-4E3F-9068-D60CC1907537}"
EndProject
Project("{9A19103F-16F7-4668-BE54-9A1E7A4F7556}") = "MUnique.OpenMU.ConnectServer.Host", "Dapr\ConnectServer.Host\MUnique.OpenMU.ConnectServer.Host.csproj", "{59EF08F8-EC7A-4679-A119-4011DE584A51}"
EndProject
Project("{9A19103F-16F7-4668-BE54-9A1E7A4F7556}") = "MUnique.OpenMU.LoginServer.Host", "Dapr\LoginServer.Host\MUnique.OpenMU.LoginServer.Host.csproj", "{5E22DC48-645D-4178-8404-20F2B21577A9}"
EndProject
Project("{9A19103F-16F7-4668-BE54-9A1E7A4F7556}") = "MUnique.OpenMU.FriendServer.Host", "Dapr\FriendServer.Host\MUnique.OpenMU.FriendServer.Host.csproj", "{C25C4190-D7B5-4640-8071-ACF8CD30A745}"
EndProject
Project("{9A19103F-16F7-4668-BE54-9A1E7A4F7556}") = "MUnique.OpenMU.GuildServer.Host", "Dapr\GuildServer.Host\MUnique.OpenMU.GuildServer.Host.csproj", "{E81865D0-66B1-4551-8C40-F2878DC899C0}"
EndProject
Project("{9A19103F-16F7-4668-BE54-9A1E7A4F7556}") = "MUnique.OpenMU.ChatServer.Host", "Dapr\ChatServer.Host\MUnique.OpenMU.ChatServer.Host.csproj", "{0F99599F-3298-43A4-96F7-61D61031413E}"
EndProject
Project("{9A19103F-16F7-4668-BE54-9A1E7A4F7556}") = "MUnique.OpenMU.Dapr.Common", "Dapr\Common\MUnique.OpenMU.Dapr.Common.csproj", "{93714610-E242-450A-9CD9-F2E24DB632B0}"
EndProject
Project("{9A19103F-16F7-4668-BE54-9A1E7A4F7556}") = "MUnique.OpenMU.AdminPanel.Host", "Dapr\AdminPanel.Host\MUnique.OpenMU.AdminPanel.Host.csproj", "{92E2F054-1AEA-4038-A837-0F943DF0EBB1}"
EndProject
Project("{9A19103F-16F7-4668-BE54-9A1E7A4F7556}") = "MUnique.OpenMU.Web.Map", "Web\Map\MUnique.OpenMU.Web.Map.csproj", "{0FF7079E-B864-4FDA-9329-337CC13D0C30}"
EndProject
Project("{E53339B2-1760-4266-BCC7-CA923CBCF16C}") = "docker-compose", "..\deploy\distributed\docker-compose.dcproj", "{0DFECD55-7AA2-4263-B6FD-EC1C4E6A59B3}"
EndProject
Project("{2150E333-8FDC-42A3-9474-1A3956D46DE8}") = "Deployment", "Deployment", "{BA9EABE2-F32F-446D-A8AA-56866A6B6CFD}"
	ProjectSection(SolutionItems) = preProject
		..\deploy\README.md = ..\deploy\README.md
	EndProjectSection
EndProject
Project("{2150E333-8FDC-42A3-9474-1A3956D46DE8}") = "All-In-One", "All-In-One", "{565BED68-B303-4A3D-A8C0-0088D2A50C46}"
EndProject
Project("{2150E333-8FDC-42A3-9474-1A3956D46DE8}") = "Distributed", "Distributed", "{C154AA0C-4424-4D33-B6AF-39B2108EE7C4}"
EndProject
Project("{E53339B2-1760-4266-BCC7-CA923CBCF16C}") = "docker-compose-all-in-one", "..\deploy\all-in-one\docker-compose-all-in-one.dcproj", "{6518D58A-5F07-4341-87AF-FCF3715D2554}"
EndProject
Project("{9A19103F-16F7-4668-BE54-9A1E7A4F7556}") = "MUnique.OpenMU.ClientErrorLogDecryptor", "ClientErrorLogDecryptor\MUnique.OpenMU.ClientErrorLogDecryptor.csproj", "{54125AC8-D0CB-4EC8-98DD-BE63E69FD3D6}"
EndProject
Project("{9A19103F-16F7-4668-BE54-9A1E7A4F7556}") = "MUnique.OpenMU.Web.ItemEditor", "Web\ItemEditor\MUnique.OpenMU.Web.ItemEditor.csproj", "{298D1A42-8958-4662-8A05-E6B6F16F7268}"
EndProject
Project("{9A19103F-16F7-4668-BE54-9A1E7A4F7556}") = "MUnique.OpenMU.SourceGenerators", "SourceGenerators\MUnique.OpenMU.SourceGenerators.csproj", "{338E0C94-5FA1-4F20-86EC-FCBA34CFB1E2}"
EndProject
Project("{9A19103F-16F7-4668-BE54-9A1E7A4F7556}") = "MUnique.OpenMU.Annotations", "Annotations\MUnique.OpenMU.Annotations.csproj", "{49C1BAD6-13DC-4FB2-AD46-3D824C2CA74E}"
EndProject
Project("{E53339B2-1760-4266-BCC7-CA923CBCF16C}") = "docker-compose-all-in-one-traefik", "..\deploy\all-in-one-traefik\docker-compose-all-in-one-traefik.dcproj", "{4430D6A8-54B5-412B-9DBA-07B3E3580AF7}"
EndProject
Global
	GlobalSection(SolutionConfigurationPlatforms) = preSolution
		Debug|Any CPU = Debug|Any CPU
		Release|Any CPU = Release|Any CPU
	EndGlobalSection
	GlobalSection(ProjectConfigurationPlatforms) = postSolution
		{8EC9EBEE-56DD-4139-AA02-D154CA8536E6}.Debug|Any CPU.ActiveCfg = Debug|Any CPU
		{8EC9EBEE-56DD-4139-AA02-D154CA8536E6}.Debug|Any CPU.Build.0 = Debug|Any CPU
		{8EC9EBEE-56DD-4139-AA02-D154CA8536E6}.Release|Any CPU.ActiveCfg = Release|Any CPU
		{8EC9EBEE-56DD-4139-AA02-D154CA8536E6}.Release|Any CPU.Build.0 = Release|Any CPU
		{5282F509-D758-4A42-994C-F71A4C631FDA}.Debug|Any CPU.ActiveCfg = Debug|Any CPU
		{5282F509-D758-4A42-994C-F71A4C631FDA}.Debug|Any CPU.Build.0 = Debug|Any CPU
		{5282F509-D758-4A42-994C-F71A4C631FDA}.Release|Any CPU.ActiveCfg = Release|Any CPU
		{5282F509-D758-4A42-994C-F71A4C631FDA}.Release|Any CPU.Build.0 = Release|Any CPU
		{7DEC119D-79EF-4E43-9A72-DB07A6CAE73E}.Debug|Any CPU.ActiveCfg = Debug|Any CPU
		{7DEC119D-79EF-4E43-9A72-DB07A6CAE73E}.Debug|Any CPU.Build.0 = Debug|Any CPU
		{7DEC119D-79EF-4E43-9A72-DB07A6CAE73E}.Release|Any CPU.ActiveCfg = Release|Any CPU
		{7DEC119D-79EF-4E43-9A72-DB07A6CAE73E}.Release|Any CPU.Build.0 = Release|Any CPU
		{CB8A2C80-8ECD-44D6-98B7-AB35891B66FD}.Debug|Any CPU.ActiveCfg = Debug|Any CPU
		{CB8A2C80-8ECD-44D6-98B7-AB35891B66FD}.Debug|Any CPU.Build.0 = Debug|Any CPU
		{CB8A2C80-8ECD-44D6-98B7-AB35891B66FD}.Release|Any CPU.ActiveCfg = Release|Any CPU
		{CB8A2C80-8ECD-44D6-98B7-AB35891B66FD}.Release|Any CPU.Build.0 = Release|Any CPU
		{B3737BB5-05AE-4AEE-8CE7-161B78B9F985}.Debug|Any CPU.ActiveCfg = Debug|Any CPU
		{B3737BB5-05AE-4AEE-8CE7-161B78B9F985}.Debug|Any CPU.Build.0 = Debug|Any CPU
		{B3737BB5-05AE-4AEE-8CE7-161B78B9F985}.Release|Any CPU.ActiveCfg = Release|Any CPU
		{B3737BB5-05AE-4AEE-8CE7-161B78B9F985}.Release|Any CPU.Build.0 = Release|Any CPU
		{DFCE247F-6E84-4791-A8F3-84AF4C371A2E}.Debug|Any CPU.ActiveCfg = Debug|Any CPU
		{DFCE247F-6E84-4791-A8F3-84AF4C371A2E}.Debug|Any CPU.Build.0 = Debug|Any CPU
		{DFCE247F-6E84-4791-A8F3-84AF4C371A2E}.Release|Any CPU.ActiveCfg = Release|Any CPU
		{DFCE247F-6E84-4791-A8F3-84AF4C371A2E}.Release|Any CPU.Build.0 = Release|Any CPU
		{06BB9B23-7466-4DAE-8F7C-C1094975462F}.Debug|Any CPU.ActiveCfg = Debug|Any CPU
		{06BB9B23-7466-4DAE-8F7C-C1094975462F}.Debug|Any CPU.Build.0 = Debug|Any CPU
		{06BB9B23-7466-4DAE-8F7C-C1094975462F}.Release|Any CPU.ActiveCfg = Release|Any CPU
		{06BB9B23-7466-4DAE-8F7C-C1094975462F}.Release|Any CPU.Build.0 = Release|Any CPU
		{D2BAED1F-EB47-4D42-9E8B-1FF7FC708CAD}.Debug|Any CPU.ActiveCfg = Debug|Any CPU
		{D2BAED1F-EB47-4D42-9E8B-1FF7FC708CAD}.Debug|Any CPU.Build.0 = Debug|Any CPU
		{D2BAED1F-EB47-4D42-9E8B-1FF7FC708CAD}.Release|Any CPU.ActiveCfg = Release|Any CPU
		{D2BAED1F-EB47-4D42-9E8B-1FF7FC708CAD}.Release|Any CPU.Build.0 = Release|Any CPU
		{A956C55B-08A8-41B9-BF72-03427BC6BB22}.Debug|Any CPU.ActiveCfg = Debug|Any CPU
		{A956C55B-08A8-41B9-BF72-03427BC6BB22}.Debug|Any CPU.Build.0 = Debug|Any CPU
		{A956C55B-08A8-41B9-BF72-03427BC6BB22}.Release|Any CPU.ActiveCfg = Release|Any CPU
		{A956C55B-08A8-41B9-BF72-03427BC6BB22}.Release|Any CPU.Build.0 = Release|Any CPU
		{6D4644A5-FEE4-4415-B254-38B196701292}.Debug|Any CPU.ActiveCfg = Debug|Any CPU
		{6D4644A5-FEE4-4415-B254-38B196701292}.Debug|Any CPU.Build.0 = Debug|Any CPU
		{6D4644A5-FEE4-4415-B254-38B196701292}.Release|Any CPU.ActiveCfg = Release|Any CPU
		{6D4644A5-FEE4-4415-B254-38B196701292}.Release|Any CPU.Build.0 = Release|Any CPU
		{E3C36FF6-7205-4F9C-9242-A6B3441FF7F7}.Debug|Any CPU.ActiveCfg = Debug|Any CPU
		{E3C36FF6-7205-4F9C-9242-A6B3441FF7F7}.Debug|Any CPU.Build.0 = Debug|Any CPU
		{E3C36FF6-7205-4F9C-9242-A6B3441FF7F7}.Release|Any CPU.ActiveCfg = Release|Any CPU
		{E3C36FF6-7205-4F9C-9242-A6B3441FF7F7}.Release|Any CPU.Build.0 = Release|Any CPU
		{8675AE62-9B7C-410C-A956-148904035F67}.Debug|Any CPU.ActiveCfg = Debug|Any CPU
		{8675AE62-9B7C-410C-A956-148904035F67}.Debug|Any CPU.Build.0 = Debug|Any CPU
		{8675AE62-9B7C-410C-A956-148904035F67}.Release|Any CPU.ActiveCfg = Release|Any CPU
		{8675AE62-9B7C-410C-A956-148904035F67}.Release|Any CPU.Build.0 = Release|Any CPU
		{6E809FA9-888C-474F-8A84-70EECBC7E42D}.Debug|Any CPU.ActiveCfg = Debug|Any CPU
		{6E809FA9-888C-474F-8A84-70EECBC7E42D}.Debug|Any CPU.Build.0 = Debug|Any CPU
		{6E809FA9-888C-474F-8A84-70EECBC7E42D}.Release|Any CPU.ActiveCfg = Release|Any CPU
		{6E809FA9-888C-474F-8A84-70EECBC7E42D}.Release|Any CPU.Build.0 = Release|Any CPU
		{6C3C3CA7-B9A8-4016-88FF-31D0510D4A88}.Debug|Any CPU.ActiveCfg = Debug|Any CPU
		{6C3C3CA7-B9A8-4016-88FF-31D0510D4A88}.Debug|Any CPU.Build.0 = Debug|Any CPU
		{6C3C3CA7-B9A8-4016-88FF-31D0510D4A88}.Release|Any CPU.ActiveCfg = Release|Any CPU
		{6C3C3CA7-B9A8-4016-88FF-31D0510D4A88}.Release|Any CPU.Build.0 = Release|Any CPU
		{B54420E7-17E7-43B5-84D9-7320133289B3}.Debug|Any CPU.ActiveCfg = Debug|Any CPU
		{B54420E7-17E7-43B5-84D9-7320133289B3}.Debug|Any CPU.Build.0 = Debug|Any CPU
		{B54420E7-17E7-43B5-84D9-7320133289B3}.Release|Any CPU.ActiveCfg = Release|Any CPU
		{B54420E7-17E7-43B5-84D9-7320133289B3}.Release|Any CPU.Build.0 = Release|Any CPU
		{7E700210-36D7-4E8D-86D8-F8C12D36B0C9}.Debug|Any CPU.ActiveCfg = Debug|Any CPU
		{7E700210-36D7-4E8D-86D8-F8C12D36B0C9}.Debug|Any CPU.Build.0 = Debug|Any CPU
		{7E700210-36D7-4E8D-86D8-F8C12D36B0C9}.Release|Any CPU.ActiveCfg = Release|Any CPU
		{7E700210-36D7-4E8D-86D8-F8C12D36B0C9}.Release|Any CPU.Build.0 = Release|Any CPU
		{A044DA9E-CB5C-4087-B67A-02E1049920C1}.Debug|Any CPU.ActiveCfg = Debug|Any CPU
		{A044DA9E-CB5C-4087-B67A-02E1049920C1}.Debug|Any CPU.Build.0 = Debug|Any CPU
		{A044DA9E-CB5C-4087-B67A-02E1049920C1}.Release|Any CPU.ActiveCfg = Release|Any CPU
		{A044DA9E-CB5C-4087-B67A-02E1049920C1}.Release|Any CPU.Build.0 = Release|Any CPU
		{FED078A8-6D97-4335-961D-B39F481C3802}.Debug|Any CPU.ActiveCfg = Debug|Any CPU
		{FED078A8-6D97-4335-961D-B39F481C3802}.Debug|Any CPU.Build.0 = Debug|Any CPU
		{FED078A8-6D97-4335-961D-B39F481C3802}.Release|Any CPU.ActiveCfg = Release|Any CPU
		{FED078A8-6D97-4335-961D-B39F481C3802}.Release|Any CPU.Build.0 = Release|Any CPU
		{44CD0416-61D6-4848-8864-5DE7B971604A}.Debug|Any CPU.ActiveCfg = Debug|Any CPU
		{44CD0416-61D6-4848-8864-5DE7B971604A}.Debug|Any CPU.Build.0 = Debug|Any CPU
		{44CD0416-61D6-4848-8864-5DE7B971604A}.Release|Any CPU.ActiveCfg = Release|Any CPU
		{44CD0416-61D6-4848-8864-5DE7B971604A}.Release|Any CPU.Build.0 = Release|Any CPU
		{66A6E404-2601-4354-A51A-C8F1EEBC8079}.Debug|Any CPU.ActiveCfg = Debug|Any CPU
		{66A6E404-2601-4354-A51A-C8F1EEBC8079}.Debug|Any CPU.Build.0 = Debug|Any CPU
		{66A6E404-2601-4354-A51A-C8F1EEBC8079}.Release|Any CPU.ActiveCfg = Release|Any CPU
		{66A6E404-2601-4354-A51A-C8F1EEBC8079}.Release|Any CPU.Build.0 = Release|Any CPU
		{6B8AC12A-9C67-40BC-B62A-B74BD895A4C0}.Debug|Any CPU.ActiveCfg = Debug|Any CPU
		{6B8AC12A-9C67-40BC-B62A-B74BD895A4C0}.Debug|Any CPU.Build.0 = Debug|Any CPU
		{6B8AC12A-9C67-40BC-B62A-B74BD895A4C0}.Release|Any CPU.ActiveCfg = Release|Any CPU
		{6B8AC12A-9C67-40BC-B62A-B74BD895A4C0}.Release|Any CPU.Build.0 = Release|Any CPU
		{DAA084C5-3A0C-4A69-A30B-B13A52901316}.Debug|Any CPU.ActiveCfg = Debug|Any CPU
		{DAA084C5-3A0C-4A69-A30B-B13A52901316}.Debug|Any CPU.Build.0 = Debug|Any CPU
		{DAA084C5-3A0C-4A69-A30B-B13A52901316}.Release|Any CPU.ActiveCfg = Release|Any CPU
		{DAA084C5-3A0C-4A69-A30B-B13A52901316}.Release|Any CPU.Build.0 = Release|Any CPU
		{B717F976-1A50-4112-A61A-F0E17E1A70D3}.Debug|Any CPU.ActiveCfg = Debug|Any CPU
		{B717F976-1A50-4112-A61A-F0E17E1A70D3}.Debug|Any CPU.Build.0 = Debug|Any CPU
		{B717F976-1A50-4112-A61A-F0E17E1A70D3}.Release|Any CPU.ActiveCfg = Release|Any CPU
		{B717F976-1A50-4112-A61A-F0E17E1A70D3}.Release|Any CPU.Build.0 = Release|Any CPU
		{F4FB8089-880E-43C3-A1B3-0B1B73B24729}.Debug|Any CPU.ActiveCfg = Debug|Any CPU
		{F4FB8089-880E-43C3-A1B3-0B1B73B24729}.Debug|Any CPU.Build.0 = Debug|Any CPU
		{F4FB8089-880E-43C3-A1B3-0B1B73B24729}.Release|Any CPU.ActiveCfg = Release|Any CPU
		{F4FB8089-880E-43C3-A1B3-0B1B73B24729}.Release|Any CPU.Build.0 = Release|Any CPU
		{2D35FBDD-5636-466D-9D6B-9FCEBD017E80}.Debug|Any CPU.ActiveCfg = Debug|Any CPU
		{2D35FBDD-5636-466D-9D6B-9FCEBD017E80}.Debug|Any CPU.Build.0 = Debug|Any CPU
		{2D35FBDD-5636-466D-9D6B-9FCEBD017E80}.Release|Any CPU.ActiveCfg = Release|Any CPU
		{2D35FBDD-5636-466D-9D6B-9FCEBD017E80}.Release|Any CPU.Build.0 = Release|Any CPU
		{23B216A0-B407-4A76-A387-0B9E72B15363}.Debug|Any CPU.ActiveCfg = Debug|Any CPU
		{23B216A0-B407-4A76-A387-0B9E72B15363}.Debug|Any CPU.Build.0 = Debug|Any CPU
		{23B216A0-B407-4A76-A387-0B9E72B15363}.Release|Any CPU.ActiveCfg = Release|Any CPU
		{23B216A0-B407-4A76-A387-0B9E72B15363}.Release|Any CPU.Build.0 = Release|Any CPU
		{F4AFDE9B-6690-4D2B-83C6-DA7426479293}.Debug|Any CPU.ActiveCfg = Debug|Any CPU
		{F4AFDE9B-6690-4D2B-83C6-DA7426479293}.Debug|Any CPU.Build.0 = Debug|Any CPU
		{F4AFDE9B-6690-4D2B-83C6-DA7426479293}.Release|Any CPU.ActiveCfg = Release|Any CPU
		{F4AFDE9B-6690-4D2B-83C6-DA7426479293}.Release|Any CPU.Build.0 = Release|Any CPU
		{F9871781-EC97-4570-A165-6FFF6CAC7004}.Debug|Any CPU.ActiveCfg = Debug|Any CPU
		{F9871781-EC97-4570-A165-6FFF6CAC7004}.Debug|Any CPU.Build.0 = Debug|Any CPU
		{F9871781-EC97-4570-A165-6FFF6CAC7004}.Release|Any CPU.ActiveCfg = Release|Any CPU
		{F9871781-EC97-4570-A165-6FFF6CAC7004}.Release|Any CPU.Build.0 = Release|Any CPU
		{5AB17B80-021D-4898-9750-0C26B2AF1A39}.Debug|Any CPU.ActiveCfg = Debug|Any CPU
		{5AB17B80-021D-4898-9750-0C26B2AF1A39}.Debug|Any CPU.Build.0 = Debug|Any CPU
		{5AB17B80-021D-4898-9750-0C26B2AF1A39}.Release|Any CPU.ActiveCfg = Release|Any CPU
		{5AB17B80-021D-4898-9750-0C26B2AF1A39}.Release|Any CPU.Build.0 = Release|Any CPU
		{89669CA5-E5C8-4854-B318-3903459236A2}.Debug|Any CPU.ActiveCfg = Debug|Any CPU
		{89669CA5-E5C8-4854-B318-3903459236A2}.Debug|Any CPU.Build.0 = Debug|Any CPU
		{89669CA5-E5C8-4854-B318-3903459236A2}.Release|Any CPU.ActiveCfg = Release|Any CPU
		{89669CA5-E5C8-4854-B318-3903459236A2}.Release|Any CPU.Build.0 = Release|Any CPU
		{482217F9-BBA8-4DA9-BEE0-03E278E0684B}.Debug|Any CPU.ActiveCfg = Debug|Any CPU
		{482217F9-BBA8-4DA9-BEE0-03E278E0684B}.Debug|Any CPU.Build.0 = Debug|Any CPU
		{482217F9-BBA8-4DA9-BEE0-03E278E0684B}.Release|Any CPU.ActiveCfg = Release|Any CPU
		{482217F9-BBA8-4DA9-BEE0-03E278E0684B}.Release|Any CPU.Build.0 = Release|Any CPU
		{401B1520-00B9-468D-9107-EEEF33C0084F}.Debug|Any CPU.ActiveCfg = Debug|Any CPU
		{401B1520-00B9-468D-9107-EEEF33C0084F}.Debug|Any CPU.Build.0 = Debug|Any CPU
		{401B1520-00B9-468D-9107-EEEF33C0084F}.Release|Any CPU.ActiveCfg = Release|Any CPU
		{401B1520-00B9-468D-9107-EEEF33C0084F}.Release|Any CPU.Build.0 = Release|Any CPU
		{3CFAFD8C-E881-45BA-98CE-653D33C95419}.Debug|Any CPU.ActiveCfg = Debug|Any CPU
		{3CFAFD8C-E881-45BA-98CE-653D33C95419}.Debug|Any CPU.Build.0 = Debug|Any CPU
		{3CFAFD8C-E881-45BA-98CE-653D33C95419}.Release|Any CPU.ActiveCfg = Release|Any CPU
		{3CFAFD8C-E881-45BA-98CE-653D33C95419}.Release|Any CPU.Build.0 = Release|Any CPU
		{4C087003-8D8D-4ED4-8095-CE66433F8E9D}.Debug|Any CPU.ActiveCfg = Debug|Any CPU
		{4C087003-8D8D-4ED4-8095-CE66433F8E9D}.Debug|Any CPU.Build.0 = Debug|Any CPU
		{4C087003-8D8D-4ED4-8095-CE66433F8E9D}.Release|Any CPU.ActiveCfg = Release|Any CPU
		{4C087003-8D8D-4ED4-8095-CE66433F8E9D}.Release|Any CPU.Build.0 = Release|Any CPU
		{F9D80835-2C8A-4E3F-9068-D60CC1907537}.Debug|Any CPU.ActiveCfg = Debug|Any CPU
		{F9D80835-2C8A-4E3F-9068-D60CC1907537}.Debug|Any CPU.Build.0 = Debug|Any CPU
		{F9D80835-2C8A-4E3F-9068-D60CC1907537}.Release|Any CPU.ActiveCfg = Release|Any CPU
		{F9D80835-2C8A-4E3F-9068-D60CC1907537}.Release|Any CPU.Build.0 = Release|Any CPU
		{59EF08F8-EC7A-4679-A119-4011DE584A51}.Debug|Any CPU.ActiveCfg = Debug|Any CPU
		{59EF08F8-EC7A-4679-A119-4011DE584A51}.Debug|Any CPU.Build.0 = Debug|Any CPU
		{59EF08F8-EC7A-4679-A119-4011DE584A51}.Release|Any CPU.ActiveCfg = Release|Any CPU
		{59EF08F8-EC7A-4679-A119-4011DE584A51}.Release|Any CPU.Build.0 = Release|Any CPU
		{5E22DC48-645D-4178-8404-20F2B21577A9}.Debug|Any CPU.ActiveCfg = Debug|Any CPU
		{5E22DC48-645D-4178-8404-20F2B21577A9}.Debug|Any CPU.Build.0 = Debug|Any CPU
		{5E22DC48-645D-4178-8404-20F2B21577A9}.Release|Any CPU.ActiveCfg = Release|Any CPU
		{5E22DC48-645D-4178-8404-20F2B21577A9}.Release|Any CPU.Build.0 = Release|Any CPU
		{C25C4190-D7B5-4640-8071-ACF8CD30A745}.Debug|Any CPU.ActiveCfg = Debug|Any CPU
		{C25C4190-D7B5-4640-8071-ACF8CD30A745}.Debug|Any CPU.Build.0 = Debug|Any CPU
		{C25C4190-D7B5-4640-8071-ACF8CD30A745}.Release|Any CPU.ActiveCfg = Release|Any CPU
		{C25C4190-D7B5-4640-8071-ACF8CD30A745}.Release|Any CPU.Build.0 = Release|Any CPU
		{E81865D0-66B1-4551-8C40-F2878DC899C0}.Debug|Any CPU.ActiveCfg = Debug|Any CPU
		{E81865D0-66B1-4551-8C40-F2878DC899C0}.Debug|Any CPU.Build.0 = Debug|Any CPU
		{E81865D0-66B1-4551-8C40-F2878DC899C0}.Release|Any CPU.ActiveCfg = Release|Any CPU
		{E81865D0-66B1-4551-8C40-F2878DC899C0}.Release|Any CPU.Build.0 = Release|Any CPU
		{0F99599F-3298-43A4-96F7-61D61031413E}.Debug|Any CPU.ActiveCfg = Debug|Any CPU
		{0F99599F-3298-43A4-96F7-61D61031413E}.Debug|Any CPU.Build.0 = Debug|Any CPU
		{0F99599F-3298-43A4-96F7-61D61031413E}.Release|Any CPU.ActiveCfg = Release|Any CPU
		{0F99599F-3298-43A4-96F7-61D61031413E}.Release|Any CPU.Build.0 = Release|Any CPU
		{93714610-E242-450A-9CD9-F2E24DB632B0}.Debug|Any CPU.ActiveCfg = Debug|Any CPU
		{93714610-E242-450A-9CD9-F2E24DB632B0}.Debug|Any CPU.Build.0 = Debug|Any CPU
		{93714610-E242-450A-9CD9-F2E24DB632B0}.Release|Any CPU.ActiveCfg = Release|Any CPU
		{93714610-E242-450A-9CD9-F2E24DB632B0}.Release|Any CPU.Build.0 = Release|Any CPU
		{92E2F054-1AEA-4038-A837-0F943DF0EBB1}.Debug|Any CPU.ActiveCfg = Debug|Any CPU
		{92E2F054-1AEA-4038-A837-0F943DF0EBB1}.Debug|Any CPU.Build.0 = Debug|Any CPU
		{92E2F054-1AEA-4038-A837-0F943DF0EBB1}.Release|Any CPU.ActiveCfg = Release|Any CPU
		{92E2F054-1AEA-4038-A837-0F943DF0EBB1}.Release|Any CPU.Build.0 = Release|Any CPU
		{0FF7079E-B864-4FDA-9329-337CC13D0C30}.Debug|Any CPU.ActiveCfg = Debug|Any CPU
		{0FF7079E-B864-4FDA-9329-337CC13D0C30}.Debug|Any CPU.Build.0 = Debug|Any CPU
		{0FF7079E-B864-4FDA-9329-337CC13D0C30}.Release|Any CPU.ActiveCfg = Release|Any CPU
		{0FF7079E-B864-4FDA-9329-337CC13D0C30}.Release|Any CPU.Build.0 = Release|Any CPU
		{0DFECD55-7AA2-4263-B6FD-EC1C4E6A59B3}.Debug|Any CPU.ActiveCfg = Debug|Any CPU
		{0DFECD55-7AA2-4263-B6FD-EC1C4E6A59B3}.Release|Any CPU.ActiveCfg = Release|Any CPU
		{6518D58A-5F07-4341-87AF-FCF3715D2554}.Debug|Any CPU.ActiveCfg = Debug|Any CPU
		{6518D58A-5F07-4341-87AF-FCF3715D2554}.Release|Any CPU.ActiveCfg = Release|Any CPU
		{54125AC8-D0CB-4EC8-98DD-BE63E69FD3D6}.Debug|Any CPU.ActiveCfg = Debug|Any CPU
		{54125AC8-D0CB-4EC8-98DD-BE63E69FD3D6}.Debug|Any CPU.Build.0 = Debug|Any CPU
		{54125AC8-D0CB-4EC8-98DD-BE63E69FD3D6}.Release|Any CPU.ActiveCfg = Release|Any CPU
		{54125AC8-D0CB-4EC8-98DD-BE63E69FD3D6}.Release|Any CPU.Build.0 = Release|Any CPU
		{298D1A42-8958-4662-8A05-E6B6F16F7268}.Debug|Any CPU.ActiveCfg = Debug|Any CPU
		{298D1A42-8958-4662-8A05-E6B6F16F7268}.Debug|Any CPU.Build.0 = Debug|Any CPU
		{298D1A42-8958-4662-8A05-E6B6F16F7268}.Release|Any CPU.ActiveCfg = Release|Any CPU
		{298D1A42-8958-4662-8A05-E6B6F16F7268}.Release|Any CPU.Build.0 = Release|Any CPU
		{338E0C94-5FA1-4F20-86EC-FCBA34CFB1E2}.Debug|Any CPU.ActiveCfg = Debug|Any CPU
		{338E0C94-5FA1-4F20-86EC-FCBA34CFB1E2}.Debug|Any CPU.Build.0 = Debug|Any CPU
		{338E0C94-5FA1-4F20-86EC-FCBA34CFB1E2}.Release|Any CPU.ActiveCfg = Release|Any CPU
		{338E0C94-5FA1-4F20-86EC-FCBA34CFB1E2}.Release|Any CPU.Build.0 = Release|Any CPU
		{49C1BAD6-13DC-4FB2-AD46-3D824C2CA74E}.Debug|Any CPU.ActiveCfg = Debug|Any CPU
		{49C1BAD6-13DC-4FB2-AD46-3D824C2CA74E}.Debug|Any CPU.Build.0 = Debug|Any CPU
		{49C1BAD6-13DC-4FB2-AD46-3D824C2CA74E}.Release|Any CPU.ActiveCfg = Release|Any CPU
		{49C1BAD6-13DC-4FB2-AD46-3D824C2CA74E}.Release|Any CPU.Build.0 = Release|Any CPU
		{4430D6A8-54B5-412B-9DBA-07B3E3580AF7}.Debug|Any CPU.ActiveCfg = Debug|Any CPU
		{4430D6A8-54B5-412B-9DBA-07B3E3580AF7}.Release|Any CPU.ActiveCfg = Release|Any CPU
	EndGlobalSection
	GlobalSection(SolutionProperties) = preSolution
		HideSolutionNode = FALSE
	EndGlobalSection
	GlobalSection(NestedProjects) = preSolution
		{8EC9EBEE-56DD-4139-AA02-D154CA8536E6} = {D7B69FAD-38AD-4D95-B3B8-5754E42F35A0}
		{5282F509-D758-4A42-994C-F71A4C631FDA} = {09EAF85E-358B-4065-8C81-B0B1FF6C0A09}
		{7DEC119D-79EF-4E43-9A72-DB07A6CAE73E} = {1B079E83-C03E-4253-B2B2-DA5165D94208}
		{CB8A2C80-8ECD-44D6-98B7-AB35891B66FD} = {09EAF85E-358B-4065-8C81-B0B1FF6C0A09}
		{B3737BB5-05AE-4AEE-8CE7-161B78B9F985} = {6443D0E9-82F8-4A04-BB9C-72CE36E1D952}
		{DFCE247F-6E84-4791-A8F3-84AF4C371A2E} = {D7B69FAD-38AD-4D95-B3B8-5754E42F35A0}
		{06BB9B23-7466-4DAE-8F7C-C1094975462F} = {D7B69FAD-38AD-4D95-B3B8-5754E42F35A0}
		{D2BAED1F-EB47-4D42-9E8B-1FF7FC708CAD} = {D7B69FAD-38AD-4D95-B3B8-5754E42F35A0}
		{A956C55B-08A8-41B9-BF72-03427BC6BB22} = {D7B69FAD-38AD-4D95-B3B8-5754E42F35A0}
		{6D4644A5-FEE4-4415-B254-38B196701292} = {D7B69FAD-38AD-4D95-B3B8-5754E42F35A0}
		{E3C36FF6-7205-4F9C-9242-A6B3441FF7F7} = {09EAF85E-358B-4065-8C81-B0B1FF6C0A09}
		{8675AE62-9B7C-410C-A956-148904035F67} = {6443D0E9-82F8-4A04-BB9C-72CE36E1D952}
		{6E809FA9-888C-474F-8A84-70EECBC7E42D} = {1F7FA853-AEBA-40DB-A9CF-011DA54EE9FE}
		{6C3C3CA7-B9A8-4016-88FF-31D0510D4A88} = {565BED68-B303-4A3D-A8C0-0088D2A50C46}
		{B54420E7-17E7-43B5-84D9-7320133289B3} = {1F7FA853-AEBA-40DB-A9CF-011DA54EE9FE}
		{7E700210-36D7-4E8D-86D8-F8C12D36B0C9} = {6443D0E9-82F8-4A04-BB9C-72CE36E1D952}
		{A044DA9E-CB5C-4087-B67A-02E1049920C1} = {1F7FA853-AEBA-40DB-A9CF-011DA54EE9FE}
		{FED078A8-6D97-4335-961D-B39F481C3802} = {C814AC11-2CAD-44F2-80DF-B37FD785E80E}
		{44CD0416-61D6-4848-8864-5DE7B971604A} = {1B079E83-C03E-4253-B2B2-DA5165D94208}
		{66A6E404-2601-4354-A51A-C8F1EEBC8079} = {6443D0E9-82F8-4A04-BB9C-72CE36E1D952}
		{6B8AC12A-9C67-40BC-B62A-B74BD895A4C0} = {6443D0E9-82F8-4A04-BB9C-72CE36E1D952}
		{DAA084C5-3A0C-4A69-A30B-B13A52901316} = {6443D0E9-82F8-4A04-BB9C-72CE36E1D952}
		{B717F976-1A50-4112-A61A-F0E17E1A70D3} = {C814AC11-2CAD-44F2-80DF-B37FD785E80E}
		{F4FB8089-880E-43C3-A1B3-0B1B73B24729} = {C814AC11-2CAD-44F2-80DF-B37FD785E80E}
		{2D35FBDD-5636-466D-9D6B-9FCEBD017E80} = {C814AC11-2CAD-44F2-80DF-B37FD785E80E}
		{23B216A0-B407-4A76-A387-0B9E72B15363} = {1F7FA853-AEBA-40DB-A9CF-011DA54EE9FE}
		{F4AFDE9B-6690-4D2B-83C6-DA7426479293} = {1B079E83-C03E-4253-B2B2-DA5165D94208}
		{F9871781-EC97-4570-A165-6FFF6CAC7004} = {6443D0E9-82F8-4A04-BB9C-72CE36E1D952}
		{5AB17B80-021D-4898-9750-0C26B2AF1A39} = {09EAF85E-358B-4065-8C81-B0B1FF6C0A09}
		{89669CA5-E5C8-4854-B318-3903459236A2} = {6443D0E9-82F8-4A04-BB9C-72CE36E1D952}
		{482217F9-BBA8-4DA9-BEE0-03E278E0684B} = {09EAF85E-358B-4065-8C81-B0B1FF6C0A09}
		{401B1520-00B9-468D-9107-EEEF33C0084F} = {820453DE-DA7A-454C-A077-BED8F0FA9764}
		{3CFAFD8C-E881-45BA-98CE-653D33C95419} = {1F7FA853-AEBA-40DB-A9CF-011DA54EE9FE}
		{4C087003-8D8D-4ED4-8095-CE66433F8E9D} = {C154AA0C-4424-4D33-B6AF-39B2108EE7C4}
		{F9D80835-2C8A-4E3F-9068-D60CC1907537} = {C154AA0C-4424-4D33-B6AF-39B2108EE7C4}
		{59EF08F8-EC7A-4679-A119-4011DE584A51} = {C154AA0C-4424-4D33-B6AF-39B2108EE7C4}
		{5E22DC48-645D-4178-8404-20F2B21577A9} = {C154AA0C-4424-4D33-B6AF-39B2108EE7C4}
		{C25C4190-D7B5-4640-8071-ACF8CD30A745} = {C154AA0C-4424-4D33-B6AF-39B2108EE7C4}
		{E81865D0-66B1-4551-8C40-F2878DC899C0} = {C154AA0C-4424-4D33-B6AF-39B2108EE7C4}
		{0F99599F-3298-43A4-96F7-61D61031413E} = {C154AA0C-4424-4D33-B6AF-39B2108EE7C4}
		{93714610-E242-450A-9CD9-F2E24DB632B0} = {C154AA0C-4424-4D33-B6AF-39B2108EE7C4}
		{92E2F054-1AEA-4038-A837-0F943DF0EBB1} = {C154AA0C-4424-4D33-B6AF-39B2108EE7C4}
		{0FF7079E-B864-4FDA-9329-337CC13D0C30} = {820453DE-DA7A-454C-A077-BED8F0FA9764}
		{0DFECD55-7AA2-4263-B6FD-EC1C4E6A59B3} = {C154AA0C-4424-4D33-B6AF-39B2108EE7C4}
		{565BED68-B303-4A3D-A8C0-0088D2A50C46} = {BA9EABE2-F32F-446D-A8AA-56866A6B6CFD}
		{C154AA0C-4424-4D33-B6AF-39B2108EE7C4} = {BA9EABE2-F32F-446D-A8AA-56866A6B6CFD}
		{6518D58A-5F07-4341-87AF-FCF3715D2554} = {565BED68-B303-4A3D-A8C0-0088D2A50C46}
		{54125AC8-D0CB-4EC8-98DD-BE63E69FD3D6} = {C814AC11-2CAD-44F2-80DF-B37FD785E80E}
		{298D1A42-8958-4662-8A05-E6B6F16F7268} = {820453DE-DA7A-454C-A077-BED8F0FA9764}
		{338E0C94-5FA1-4F20-86EC-FCBA34CFB1E2} = {09EAF85E-358B-4065-8C81-B0B1FF6C0A09}
		{49C1BAD6-13DC-4FB2-AD46-3D824C2CA74E} = {09EAF85E-358B-4065-8C81-B0B1FF6C0A09}
		{4430D6A8-54B5-412B-9DBA-07B3E3580AF7} = {565BED68-B303-4A3D-A8C0-0088D2A50C46}
	EndGlobalSection
	GlobalSection(ExtensibilityGlobals) = postSolution
		SolutionGuid = {28C13837-B616-4790-84D6-4BDCB4A8166D}
	EndGlobalSection
EndGlobal
